
Microsoft Visual Studio Solution File, Format Version 12.00
# Visual Studio Version 17
VisualStudioVersion = 17.8.34525.116
MinimumVisualStudioVersion = 10.0.40219.1
Project("{FAE04EC0-301F-11D3-BF4B-00C04F79EFBC}") = "EntradaSaidaForArray", "EntradaSaidaForArray\EntradaSaidaForArray.csproj", "{2F702E34-9B58-4ECE-A2F2-AEE70B72D3FE}"
EndProject
Global
	GlobalSection(SolutionConfigurationPlatforms) = preSolution
		Debug|Any CPU = Debug|Any CPU
		Release|Any CPU = Release|Any CPU
	EndGlobalSection
	GlobalSection(ProjectConfigurationPlatforms) = postSolution
		{2F702E34-9B58-4ECE-A2F2-AEE70B72D3FE}.Debug|Any CPU.ActiveCfg = Debug|Any CPU
		{2F702E34-9B58-4ECE-A2F2-AEE70B72D3FE}.Debug|Any CPU.Build.0 = Debug|Any CPU
		{2F702E34-9B58-4ECE-A2F2-AEE70B72D3FE}.Release|Any CPU.ActiveCfg = Release|Any CPU
		{2F702E34-9B58-4ECE-A2F2-AEE70B72D3FE}.Release|Any CPU.Build.0 = Release|Any CPU
	EndGlobalSection
	GlobalSection(SolutionProperties) = preSolution
		HideSolutionNode = FALSE
	EndGlobalSection
	GlobalSection(ExtensibilityGlobals) = postSolution
		SolutionGuid = {E7D2562C-B785-45FB-A281-814CD8554BA7}
	EndGlobalSection
EndGlobal
